
Microsoft Visual Studio Solution File, Format Version 12.00
# Visual Studio Version 17
VisualStudioVersion = 17.5.002.0
MinimumVisualStudioVersion = 10.0.40219.1
Project("{9A19103F-16F7-4668-BE54-9A1E7A4F7556}") = "api", "api\api.csproj", "{681FD790-8CF0-4264-A148-51A5F0BECFDD}"
EndProject
Global
	GlobalSection(SolutionConfigurationPlatforms) = preSolution
		Debug|Any CPU = Debug|Any CPU
		Release|Any CPU = Release|Any CPU
	EndGlobalSection
	GlobalSection(ProjectConfigurationPlatforms) = postSolution
		{681FD790-8CF0-4264-A148-51A5F0BECFDD}.Debug|Any CPU.ActiveCfg = Debug|Any CPU
		{681FD790-8CF0-4264-A148-51A5F0BECFDD}.Debug|Any CPU.Build.0 = Debug|Any CPU
		{681FD790-8CF0-4264-A148-51A5F0BECFDD}.Release|Any CPU.ActiveCfg = Release|Any CPU
		{681FD790-8CF0-4264-A148-51A5F0BECFDD}.Release|Any CPU.Build.0 = Release|Any CPU
	EndGlobalSection
	GlobalSection(SolutionProperties) = preSolution
		HideSolutionNode = FALSE
	EndGlobalSection
	GlobalSection(ExtensibilityGlobals) = postSolution
		SolutionGuid = {B9F40232-0AD9-49F0-BD62-AA54601133AD}
	EndGlobalSection
EndGlobal
